// !$*UTF8*$!
{
	archiveVersion = 1;
	classes = {
	};
	objectVersion = 50;
	objects = {

/* Begin PBXBuildFile section */
		0C41CEA5244EC2BE007F384A /* AppDelegate.m in Sources */ = {isa = PBXBuildFile; fileRef = 0C41CEA4244EC2BE007F384A /* AppDelegate.m */; };
		0C41CEA8244EC2BE007F384A /* SceneDelegate.m in Sources */ = {isa = PBXBuildFile; fileRef = 0C41CEA7244EC2BE007F384A /* SceneDelegate.m */; };
		0C41CEAE244EC2BE007F384A /* Main.storyboard in Resources */ = {isa = PBXBuildFile; fileRef = 0C41CEAC244EC2BE007F384A /* Main.storyboard */; };
		0C41CEB0244EC2C1007F384A /* Assets.xcassets in Resources */ = {isa = PBXBuildFile; fileRef = 0C41CEAF244EC2C1007F384A /* Assets.xcassets */; };
		0C41CEB3244EC2C1007F384A /* LaunchScreen.storyboard in Resources */ = {isa = PBXBuildFile; fileRef = 0C41CEB1244EC2C1007F384A /* LaunchScreen.storyboard */; };
		0C41CEB6244EC2C1007F384A /* main.m in Sources */ = {isa = PBXBuildFile; fileRef = 0C41CEB5244EC2C1007F384A /* main.m */; };
		0C41CEC0244EC2C2007F384A /* JMOrderCoreKitDemoTests.m in Sources */ = {isa = PBXBuildFile; fileRef = 0C41CEBF244EC2C2007F384A /* JMOrderCoreKitDemoTests.m */; };
		0C41CECB244EC2C2007F384A /* JMOrderCoreKitDemoUITests.m in Sources */ = {isa = PBXBuildFile; fileRef = 0C41CECA244EC2C2007F384A /* JMOrderCoreKitDemoUITests.m */; };
		0C41CED9244EC307007F384A /* ViewController.mm in Sources */ = {isa = PBXBuildFile; fileRef = 0C41CED8244EC307007F384A /* ViewController.mm */; };
		0C41CEE3244EC31B007F384A /* MBProgressHUD.m in Sources */ = {isa = PBXBuildFile; fileRef = 0C41CEDB244EC31A007F384A /* MBProgressHUD.m */; };
		0C41CEE4244EC31B007F384A /* ZJHud_success.png in Resources */ = {isa = PBXBuildFile; fileRef = 0C41CEDC244EC31A007F384A /* ZJHud_success.png */; };
		0C41CEE5244EC31B007F384A /* ZJProgressHUD.m in Sources */ = {isa = PBXBuildFile; fileRef = 0C41CEDD244EC31A007F384A /* ZJProgressHUD.m */; };
		0C41CEE6244EC31B007F384A /* ZJHud_error.png in Resources */ = {isa = PBXBuildFile; fileRef = 0C41CEDF244EC31A007F384A /* ZJHud_error.png */; };
		0C41CEE7244EC31B007F384A /* ZJHud_error@2x.png in Resources */ = {isa = PBXBuildFile; fileRef = 0C41CEE0244EC31A007F384A /* ZJHud_error@2x.png */; };
		0C41CEE8244EC31B007F384A /* ZJHud_success@2x.png in Resources */ = {isa = PBXBuildFile; fileRef = 0C41CEE1244EC31A007F384A /* ZJHud_success@2x.png */; };
		0CDC175E2BDF65EFC6E49589 /* libPods-JMOrderCoreKitDemo.a in Frameworks */ = {isa = PBXBuildFile; fileRef = 75B7211BC572F77C40417BC4 /* libPods-JMOrderCoreKitDemo.a */; };
		0CF21AD224555E9C00F07892 /* AFURLResponseSerialization.m in Sources */ = {isa = PBXBuildFile; fileRef = 0CF21ABB24555E9B00F07892 /* AFURLResponseSerialization.m */; };
		0CF21AD324555E9C00F07892 /* AFHTTPSessionManager.m in Sources */ = {isa = PBXBuildFile; fileRef = 0CF21ABC24555E9B00F07892 /* AFHTTPSessionManager.m */; };
		0CF21AD424555E9C00F07892 /* AFURLSessionManager.m in Sources */ = {isa = PBXBuildFile; fileRef = 0CF21ABE24555E9B00F07892 /* AFURLSessionManager.m */; };
		0CF21AD524555E9C00F07892 /* AFURLRequestSerialization.m in Sources */ = {isa = PBXBuildFile; fileRef = 0CF21ABF24555E9B00F07892 /* AFURLRequestSerialization.m */; };
		0CF21AD624555E9C00F07892 /* AFNetworkReachabilityManager.m in Sources */ = {isa = PBXBuildFile; fileRef = 0CF21AC124555E9B00F07892 /* AFNetworkReachabilityManager.m */; };
		0CF21AD724555E9C00F07892 /* AFSecurityPolicy.m in Sources */ = {isa = PBXBuildFile; fileRef = 0CF21AC224555E9B00F07892 /* AFSecurityPolicy.m */; };
		0CF21AD824555E9C00F07892 /* Reachability.m in Sources */ = {isa = PBXBuildFile; fileRef = 0CF21AC824555E9B00F07892 /* Reachability.m */; };
		0CF21AD924555E9C00F07892 /* ZJRequestDataServer.m in Sources */ = {isa = PBXBuildFile; fileRef = 0CF21ACC24555E9C00F07892 /* ZJRequestDataServer.m */; };
		0CF21ADA24555E9C00F07892 /* CheckUpdateController.m in Sources */ = {isa = PBXBuildFile; fileRef = 0CF21ACD24555E9C00F07892 /* CheckUpdateController.m */; };
/* End PBXBuildFile section */

/* Begin PBXContainerItemProxy section */
		0C41CEBC244EC2C2007F384A /* PBXContainerItemProxy */ = {
			isa = PBXContainerItemProxy;
			containerPortal = 0C41CE98244EC2BE007F384A /* Project object */;
			proxyType = 1;
			remoteGlobalIDString = 0C41CE9F244EC2BE007F384A;
			remoteInfo = JMOrderCoreKitDemo;
		};
		0C41CEC7244EC2C2007F384A /* PBXContainerItemProxy */ = {
			isa = PBXContainerItemProxy;
			containerPortal = 0C41CE98244EC2BE007F384A /* Project object */;
			proxyType = 1;
			remoteGlobalIDString = 0C41CE9F244EC2BE007F384A;
			remoteInfo = JMOrderCoreKitDemo;
		};
/* End PBXContainerItemProxy section */

/* Begin PBXCopyFilesBuildPhase section */
		0CF21AF1245568F900F07892 /* Embed Frameworks */ = {
			isa = PBXCopyFilesBuildPhase;
			buildActionMask = 2147483647;
			dstPath = "";
			dstSubfolderSpec = 10;
			files = (
			);
			name = "Embed Frameworks";
			runOnlyForDeploymentPostprocessing = 0;
		};
/* End PBXCopyFilesBuildPhase section */

/* Begin PBXFileReference section */
		0C41CEA0244EC2BE007F384A /* JMOrderCoreKitDemo.app */ = {isa = PBXFileReference; explicitFileType = wrapper.application; includeInIndex = 0; path = JMOrderCoreKitDemo.app; sourceTree = BUILT_PRODUCTS_DIR; };
		0C41CEA3244EC2BE007F384A /* AppDelegate.h */ = {isa = PBXFileReference; lastKnownFileType = sourcecode.c.h; path = AppDelegate.h; sourceTree = "<group>"; };
		0C41CEA4244EC2BE007F384A /* AppDelegate.m */ = {isa = PBXFileReference; lastKnownFileType = sourcecode.c.objc; path = AppDelegate.m; sourceTree = "<group>"; };
		0C41CEA6244EC2BE007F384A /* SceneDelegate.h */ = {isa = PBXFileReference; lastKnownFileType = sourcecode.c.h; path = SceneDelegate.h; sourceTree = "<group>"; };
		0C41CEA7244EC2BE007F384A /* SceneDelegate.m */ = {isa = PBXFileReference; lastKnownFileType = sourcecode.c.objc; path = SceneDelegate.m; sourceTree = "<group>"; };
		0C41CEA9244EC2BE007F384A /* ViewController.h */ = {isa = PBXFileReference; lastKnownFileType = sourcecode.c.h; path = ViewController.h; sourceTree = "<group>"; };
		0C41CEAD244EC2BE007F384A /* Base */ = {isa = PBXFileReference; lastKnownFileType = file.storyboard; name = Base; path = Base.lproj/Main.storyboard; sourceTree = "<group>"; };
		0C41CEAF244EC2C1007F384A /* Assets.xcassets */ = {isa = PBXFileReference; lastKnownFileType = folder.assetcatalog; path = Assets.xcassets; sourceTree = "<group>"; };
		0C41CEB2244EC2C1007F384A /* Base */ = {isa = PBXFileReference; lastKnownFileType = file.storyboard; name = Base; path = Base.lproj/LaunchScreen.storyboard; sourceTree = "<group>"; };
		0C41CEB4244EC2C1007F384A /* Info.plist */ = {isa = PBXFileReference; lastKnownFileType = text.plist.xml; path = Info.plist; sourceTree = "<group>"; };
		0C41CEB5244EC2C1007F384A /* main.m */ = {isa = PBXFileReference; lastKnownFileType = sourcecode.c.objc; path = main.m; sourceTree = "<group>"; };
		0C41CEBB244EC2C2007F384A /* JMOrderCoreKitDemoTests.xctest */ = {isa = PBXFileReference; explicitFileType = wrapper.cfbundle; includeInIndex = 0; path = JMOrderCoreKitDemoTests.xctest; sourceTree = BUILT_PRODUCTS_DIR; };
		0C41CEBF244EC2C2007F384A /* JMOrderCoreKitDemoTests.m */ = {isa = PBXFileReference; lastKnownFileType = sourcecode.c.objc; path = JMOrderCoreKitDemoTests.m; sourceTree = "<group>"; };
		0C41CEC1244EC2C2007F384A /* Info.plist */ = {isa = PBXFileReference; lastKnownFileType = text.plist.xml; path = Info.plist; sourceTree = "<group>"; };
		0C41CEC6244EC2C2007F384A /* JMOrderCoreKitDemoUITests.xctest */ = {isa = PBXFileReference; explicitFileType = wrapper.cfbundle; includeInIndex = 0; path = JMOrderCoreKitDemoUITests.xctest; sourceTree = BUILT_PRODUCTS_DIR; };
		0C41CECA244EC2C2007F384A /* JMOrderCoreKitDemoUITests.m */ = {isa = PBXFileReference; lastKnownFileType = sourcecode.c.objc; path = JMOrderCoreKitDemoUITests.m; sourceTree = "<group>"; };
		0C41CECC244EC2C2007F384A /* Info.plist */ = {isa = PBXFileReference; lastKnownFileType = text.plist.xml; path = Info.plist; sourceTree = "<group>"; };
		0C41CED8244EC307007F384A /* ViewController.mm */ = {isa = PBXFileReference; fileEncoding = 4; lastKnownFileType = sourcecode.cpp.objcpp; path = ViewController.mm; sourceTree = "<group>"; };
		0C41CEDB244EC31A007F384A /* MBProgressHUD.m */ = {isa = PBXFileReference; fileEncoding = 4; lastKnownFileType = sourcecode.c.objc; path = MBProgressHUD.m; sourceTree = "<group>"; };
		0C41CEDC244EC31A007F384A /* ZJHud_success.png */ = {isa = PBXFileReference; lastKnownFileType = image.png; path = ZJHud_success.png; sourceTree = "<group>"; };
		0C41CEDD244EC31A007F384A /* ZJProgressHUD.m */ = {isa = PBXFileReference; fileEncoding = 4; lastKnownFileType = sourcecode.c.objc; path = ZJProgressHUD.m; sourceTree = "<group>"; };
		0C41CEDE244EC31A007F384A /* MBProgressHUD.h */ = {isa = PBXFileReference; fileEncoding = 4; lastKnownFileType = sourcecode.c.h; path = MBProgressHUD.h; sourceTree = "<group>"; };
		0C41CEDF244EC31A007F384A /* ZJHud_error.png */ = {isa = PBXFileReference; lastKnownFileType = image.png; path = ZJHud_error.png; sourceTree = "<group>"; };
		0C41CEE0244EC31A007F384A /* ZJHud_error@2x.png */ = {isa = PBXFileReference; lastKnownFileType = image.png; path = "ZJHud_error@2x.png"; sourceTree = "<group>"; };
		0C41CEE1244EC31A007F384A /* ZJHud_success@2x.png */ = {isa = PBXFileReference; lastKnownFileType = image.png; path = "ZJHud_success@2x.png"; sourceTree = "<group>"; };
		0C41CEE2244EC31A007F384A /* ZJProgressHUD.h */ = {isa = PBXFileReference; fileEncoding = 4; lastKnownFileType = sourcecode.c.h; path = ZJProgressHUD.h; sourceTree = "<group>"; };
		0CF21AB724555E9B00F07892 /* AFSecurityPolicy.h */ = {isa = PBXFileReference; fileEncoding = 4; lastKnownFileType = sourcecode.c.h; path = AFSecurityPolicy.h; sourceTree = "<group>"; };
		0CF21AB824555E9B00F07892 /* AFNetworkReachabilityManager.h */ = {isa = PBXFileReference; fileEncoding = 4; lastKnownFileType = sourcecode.c.h; path = AFNetworkReachabilityManager.h; sourceTree = "<group>"; };
		0CF21AB924555E9B00F07892 /* AFURLSessionManager.h */ = {isa = PBXFileReference; fileEncoding = 4; lastKnownFileType = sourcecode.c.h; path = AFURLSessionManager.h; sourceTree = "<group>"; };
		0CF21ABA24555E9B00F07892 /* AFURLRequestSerialization.h */ = {isa = PBXFileReference; fileEncoding = 4; lastKnownFileType = sourcecode.c.h; path = AFURLRequestSerialization.h; sourceTree = "<group>"; };
		0CF21ABB24555E9B00F07892 /* AFURLResponseSerialization.m */ = {isa = PBXFileReference; fileEncoding = 4; lastKnownFileType = sourcecode.c.objc; path = AFURLResponseSerialization.m; sourceTree = "<group>"; };
		0CF21ABC24555E9B00F07892 /* AFHTTPSessionManager.m */ = {isa = PBXFileReference; fileEncoding = 4; lastKnownFileType = sourcecode.c.objc; path = AFHTTPSessionManager.m; sourceTree = "<group>"; };
		0CF21ABD24555E9B00F07892 /* AFURLResponseSerialization.h */ = {isa = PBXFileReference; fileEncoding = 4; lastKnownFileType = sourcecode.c.h; path = AFURLResponseSerialization.h; sourceTree = "<group>"; };
		0CF21ABE24555E9B00F07892 /* AFURLSessionManager.m */ = {isa = PBXFileReference; fileEncoding = 4; lastKnownFileType = sourcecode.c.objc; path = AFURLSessionManager.m; sourceTree = "<group>"; };
		0CF21ABF24555E9B00F07892 /* AFURLRequestSerialization.m */ = {isa = PBXFileReference; fileEncoding = 4; lastKnownFileType = sourcecode.c.objc; path = AFURLRequestSerialization.m; sourceTree = "<group>"; };
		0CF21AC024555E9B00F07892 /* AFNetworking.h */ = {isa = PBXFileReference; fileEncoding = 4; lastKnownFileType = sourcecode.c.h; path = AFNetworking.h; sourceTree = "<group>"; };
		0CF21AC124555E9B00F07892 /* AFNetworkReachabilityManager.m */ = {isa = PBXFileReference; fileEncoding = 4; lastKnownFileType = sourcecode.c.objc; path = AFNetworkReachabilityManager.m; sourceTree = "<group>"; };
		0CF21AC224555E9B00F07892 /* AFSecurityPolicy.m */ = {isa = PBXFileReference; fileEncoding = 4; lastKnownFileType = sourcecode.c.objc; path = AFSecurityPolicy.m; sourceTree = "<group>"; };
		0CF21AC324555E9B00F07892 /* AFCompatibilityMacros.h */ = {isa = PBXFileReference; fileEncoding = 4; lastKnownFileType = sourcecode.c.h; path = AFCompatibilityMacros.h; sourceTree = "<group>"; };
		0CF21AC424555E9B00F07892 /* AFHTTPSessionManager.h */ = {isa = PBXFileReference; fileEncoding = 4; lastKnownFileType = sourcecode.c.h; path = AFHTTPSessionManager.h; sourceTree = "<group>"; };
		0CF21AC824555E9B00F07892 /* Reachability.m */ = {isa = PBXFileReference; fileEncoding = 4; lastKnownFileType = sourcecode.c.objc; path = Reachability.m; sourceTree = "<group>"; };
		0CF21AC924555E9B00F07892 /* Reachability.h */ = {isa = PBXFileReference; fileEncoding = 4; lastKnownFileType = sourcecode.c.h; path = Reachability.h; sourceTree = "<group>"; };
		0CF21ACC24555E9C00F07892 /* ZJRequestDataServer.m */ = {isa = PBXFileReference; fileEncoding = 4; lastKnownFileType = sourcecode.c.objc; path = ZJRequestDataServer.m; sourceTree = "<group>"; };
		0CF21ACD24555E9C00F07892 /* CheckUpdateController.m */ = {isa = PBXFileReference; fileEncoding = 4; lastKnownFileType = sourcecode.c.objc; path = CheckUpdateController.m; sourceTree = "<group>"; };
		0CF21ACE24555E9C00F07892 /* Singleton.h */ = {isa = PBXFileReference; fileEncoding = 4; lastKnownFileType = sourcecode.c.h; path = Singleton.h; sourceTree = "<group>"; };
		0CF21ACF24555E9C00F07892 /* CheckUpdateController.h */ = {isa = PBXFileReference; fileEncoding = 4; lastKnownFileType = sourcecode.c.h; path = CheckUpdateController.h; sourceTree = "<group>"; };
		0CF21AD024555E9C00F07892 /* ZJRequestDataServer.h */ = {isa = PBXFileReference; fileEncoding = 4; lastKnownFileType = sourcecode.c.h; path = ZJRequestDataServer.h; sourceTree = "<group>"; };
		75B7211BC572F77C40417BC4 /* libPods-JMOrderCoreKitDemo.a */ = {isa = PBXFileReference; explicitFileType = archive.ar; includeInIndex = 0; path = "libPods-JMOrderCoreKitDemo.a"; sourceTree = BUILT_PRODUCTS_DIR; };
		D526F190D923F764F42D79E2 /* Pods-JMOrderCoreKitDemo.debug.xcconfig */ = {isa = PBXFileReference; includeInIndex = 1; lastKnownFileType = text.xcconfig; name = "Pods-JMOrderCoreKitDemo.debug.xcconfig"; path = "Target Support Files/Pods-JMOrderCoreKitDemo/Pods-JMOrderCoreKitDemo.debug.xcconfig"; sourceTree = "<group>"; };
		E740A4FA5728A8DFD52A9F57 /* Pods-JMOrderCoreKitDemo.release.xcconfig */ = {isa = PBXFileReference; includeInIndex = 1; lastKnownFileType = text.xcconfig; name = "Pods-JMOrderCoreKitDemo.release.xcconfig"; path = "Target Support Files/Pods-JMOrderCoreKitDemo/Pods-JMOrderCoreKitDemo.release.xcconfig"; sourceTree = "<group>"; };
/* End PBXFileReference section */

/* Begin PBXFrameworksBuildPhase section */
		0C41CE9D244EC2BE007F384A /* Frameworks */ = {
			isa = PBXFrameworksBuildPhase;
			buildActionMask = 2147483647;
			files = (
				0CDC175E2BDF65EFC6E49589 /* libPods-JMOrderCoreKitDemo.a in Frameworks */,
			);
			runOnlyForDeploymentPostprocessing = 0;
		};
		0C41CEB8244EC2C2007F384A /* Frameworks */ = {
			isa = PBXFrameworksBuildPhase;
			buildActionMask = 2147483647;
			files = (
			);
			runOnlyForDeploymentPostprocessing = 0;
		};
		0C41CEC3244EC2C2007F384A /* Frameworks */ = {
			isa = PBXFrameworksBuildPhase;
			buildActionMask = 2147483647;
			files = (
			);
			runOnlyForDeploymentPostprocessing = 0;
		};
/* End PBXFrameworksBuildPhase section */

/* Begin PBXGroup section */
		0C41CE97244EC2BE007F384A = {
			isa = PBXGroup;
			children = (
				0C41CEA2244EC2BE007F384A /* JMOrderCoreKitDemo */,
				0C41CEBE244EC2C2007F384A /* JMOrderCoreKitDemoTests */,
				0C41CEC9244EC2C2007F384A /* JMOrderCoreKitDemoUITests */,
				0C41CEA1244EC2BE007F384A /* Products */,
				3E520612D8ADB3D66ACE6AB1 /* Pods */,
				F7038E23FE2ED1396B3E254E /* Frameworks */,
			);
			sourceTree = "<group>";
		};
		0C41CEA1244EC2BE007F384A /* Products */ = {
			isa = PBXGroup;
			children = (
				0C41CEA0244EC2BE007F384A /* JMOrderCoreKitDemo.app */,
				0C41CEBB244EC2C2007F384A /* JMOrderCoreKitDemoTests.xctest */,
				0C41CEC6244EC2C2007F384A /* JMOrderCoreKitDemoUITests.xctest */,
			);
			name = Products;
			sourceTree = "<group>";
		};
		0C41CEA2244EC2BE007F384A /* JMOrderCoreKitDemo */ = {
			isa = PBXGroup;
			children = (
				0CF21AB624555E9B00F07892 /* AFNetworking */,
				0CF21AC724555E9B00F07892 /* Reachability */,
				0CF21ACA24555E9C00F07892 /* ZJTool */,
				0C41CEDA244EC31A007F384A /* MBProgressHUD */,
				0C41CEA3244EC2BE007F384A /* AppDelegate.h */,
				0C41CEA4244EC2BE007F384A /* AppDelegate.m */,
				0C41CEA6244EC2BE007F384A /* SceneDelegate.h */,
				0C41CEA7244EC2BE007F384A /* SceneDelegate.m */,
				0C41CEA9244EC2BE007F384A /* ViewController.h */,
				0C41CED8244EC307007F384A /* ViewController.mm */,
				0C41CEAC244EC2BE007F384A /* Main.storyboard */,
				0C41CEAF244EC2C1007F384A /* Assets.xcassets */,
				0C41CEB1244EC2C1007F384A /* LaunchScreen.storyboard */,
				0C41CEB4244EC2C1007F384A /* Info.plist */,
				0C41CEB5244EC2C1007F384A /* main.m */,
			);
			path = JMOrderCoreKitDemo;
			sourceTree = "<group>";
		};
		0C41CEBE244EC2C2007F384A /* JMOrderCoreKitDemoTests */ = {
			isa = PBXGroup;
			children = (
				0C41CEBF244EC2C2007F384A /* JMOrderCoreKitDemoTests.m */,
				0C41CEC1244EC2C2007F384A /* Info.plist */,
			);
			path = JMOrderCoreKitDemoTests;
			sourceTree = "<group>";
		};
		0C41CEC9244EC2C2007F384A /* JMOrderCoreKitDemoUITests */ = {
			isa = PBXGroup;
			children = (
				0C41CECA244EC2C2007F384A /* JMOrderCoreKitDemoUITests.m */,
				0C41CECC244EC2C2007F384A /* Info.plist */,
			);
			path = JMOrderCoreKitDemoUITests;
			sourceTree = "<group>";
		};
		0C41CEDA244EC31A007F384A /* MBProgressHUD */ = {
			isa = PBXGroup;
			children = (
				0C41CEDB244EC31A007F384A /* MBProgressHUD.m */,
				0C41CEDC244EC31A007F384A /* ZJHud_success.png */,
				0C41CEDD244EC31A007F384A /* ZJProgressHUD.m */,
				0C41CEDE244EC31A007F384A /* MBProgressHUD.h */,
				0C41CEDF244EC31A007F384A /* ZJHud_error.png */,
				0C41CEE0244EC31A007F384A /* ZJHud_error@2x.png */,
				0C41CEE1244EC31A007F384A /* ZJHud_success@2x.png */,
				0C41CEE2244EC31A007F384A /* ZJProgressHUD.h */,
			);
			path = MBProgressHUD;
			sourceTree = "<group>";
		};
		0CF21AB624555E9B00F07892 /* AFNetworking */ = {
			isa = PBXGroup;
			children = (
				0CF21AB724555E9B00F07892 /* AFSecurityPolicy.h */,
				0CF21AB824555E9B00F07892 /* AFNetworkReachabilityManager.h */,
				0CF21AB924555E9B00F07892 /* AFURLSessionManager.h */,
				0CF21ABA24555E9B00F07892 /* AFURLRequestSerialization.h */,
				0CF21ABB24555E9B00F07892 /* AFURLResponseSerialization.m */,
				0CF21ABC24555E9B00F07892 /* AFHTTPSessionManager.m */,
				0CF21ABD24555E9B00F07892 /* AFURLResponseSerialization.h */,
				0CF21ABE24555E9B00F07892 /* AFURLSessionManager.m */,
				0CF21ABF24555E9B00F07892 /* AFURLRequestSerialization.m */,
				0CF21AC024555E9B00F07892 /* AFNetworking.h */,
				0CF21AC124555E9B00F07892 /* AFNetworkReachabilityManager.m */,
				0CF21AC224555E9B00F07892 /* AFSecurityPolicy.m */,
				0CF21AC324555E9B00F07892 /* AFCompatibilityMacros.h */,
				0CF21AC424555E9B00F07892 /* AFHTTPSessionManager.h */,
			);
			path = AFNetworking;
			sourceTree = "<group>";
		};
		0CF21AC724555E9B00F07892 /* Reachability */ = {
			isa = PBXGroup;
			children = (
				0CF21AC824555E9B00F07892 /* Reachability.m */,
				0CF21AC924555E9B00F07892 /* Reachability.h */,
			);
			path = Reachability;
			sourceTree = "<group>";
		};
		0CF21ACA24555E9C00F07892 /* ZJTool */ = {
			isa = PBXGroup;
			children = (
				0CF21ACC24555E9C00F07892 /* ZJRequestDataServer.m */,
				0CF21ACD24555E9C00F07892 /* CheckUpdateController.m */,
				0CF21ACE24555E9C00F07892 /* Singleton.h */,
				0CF21ACF24555E9C00F07892 /* CheckUpdateController.h */,
				0CF21AD024555E9C00F07892 /* ZJRequestDataServer.h */,
			);
			path = ZJTool;
			sourceTree = "<group>";
		};
		3E520612D8ADB3D66ACE6AB1 /* Pods */ = {
			isa = PBXGroup;
			children = (
				D526F190D923F764F42D79E2 /* Pods-JMOrderCoreKitDemo.debug.xcconfig */,
				E740A4FA5728A8DFD52A9F57 /* Pods-JMOrderCoreKitDemo.release.xcconfig */,
			);
			path = Pods;
			sourceTree = "<group>";
		};
		F7038E23FE2ED1396B3E254E /* Frameworks */ = {
			isa = PBXGroup;
			children = (
				75B7211BC572F77C40417BC4 /* libPods-JMOrderCoreKitDemo.a */,
			);
			name = Frameworks;
			sourceTree = "<group>";
		};
/* End PBXGroup section */

/* Begin PBXNativeTarget section */
		0C41CE9F244EC2BE007F384A /* JMOrderCoreKitDemo */ = {
			isa = PBXNativeTarget;
			buildConfigurationList = 0C41CECF244EC2C2007F384A /* Build configuration list for PBXNativeTarget "JMOrderCoreKitDemo" */;
			buildPhases = (
				39FA28537310F4265E5CE54F /* [CP] Check Pods Manifest.lock */,
				0C41CE9C244EC2BE007F384A /* Sources */,
				0C41CE9D244EC2BE007F384A /* Frameworks */,
				0C41CE9E244EC2BE007F384A /* Resources */,
				0CF21AF1245568F900F07892 /* Embed Frameworks */,
			);
			buildRules = (
			);
			dependencies = (
			);
			name = JMOrderCoreKitDemo;
			productName = JMOrderCoreKitDemo;
			productReference = 0C41CEA0244EC2BE007F384A /* JMOrderCoreKitDemo.app */;
			productType = "com.apple.product-type.application";
		};
		0C41CEBA244EC2C2007F384A /* JMOrderCoreKitDemoTests */ = {
			isa = PBXNativeTarget;
			buildConfigurationList = 0C41CED2244EC2C2007F384A /* Build configuration list for PBXNativeTarget "JMOrderCoreKitDemoTests" */;
			buildPhases = (
				0C41CEB7244EC2C2007F384A /* Sources */,
				0C41CEB8244EC2C2007F384A /* Frameworks */,
				0C41CEB9244EC2C2007F384A /* Resources */,
			);
			buildRules = (
			);
			dependencies = (
				0C41CEBD244EC2C2007F384A /* PBXTargetDependency */,
			);
			name = JMOrderCoreKitDemoTests;
			productName = JMOrderCoreKitDemoTests;
			productReference = 0C41CEBB244EC2C2007F384A /* JMOrderCoreKitDemoTests.xctest */;
			productType = "com.apple.product-type.bundle.unit-test";
		};
		0C41CEC5244EC2C2007F384A /* JMOrderCoreKitDemoUITests */ = {
			isa = PBXNativeTarget;
			buildConfigurationList = 0C41CED5244EC2C2007F384A /* Build configuration list for PBXNativeTarget "JMOrderCoreKitDemoUITests" */;
			buildPhases = (
				0C41CEC2244EC2C2007F384A /* Sources */,
				0C41CEC3244EC2C2007F384A /* Frameworks */,
				0C41CEC4244EC2C2007F384A /* Resources */,
			);
			buildRules = (
			);
			dependencies = (
				0C41CEC8244EC2C2007F384A /* PBXTargetDependency */,
			);
			name = JMOrderCoreKitDemoUITests;
			productName = JMOrderCoreKitDemoUITests;
			productReference = 0C41CEC6244EC2C2007F384A /* JMOrderCoreKitDemoUITests.xctest */;
			productType = "com.apple.product-type.bundle.ui-testing";
		};
/* End PBXNativeTarget section */

/* Begin PBXProject section */
		0C41CE98244EC2BE007F384A /* Project object */ = {
			isa = PBXProject;
			attributes = {
				LastUpgradeCheck = 1130;
				ORGANIZATIONNAME = Jimi;
				TargetAttributes = {
					0C41CE9F244EC2BE007F384A = {
						CreatedOnToolsVersion = 11.3.1;
					};
					0C41CEBA244EC2C2007F384A = {
						CreatedOnToolsVersion = 11.3.1;
						TestTargetID = 0C41CE9F244EC2BE007F384A;
					};
					0C41CEC5244EC2C2007F384A = {
						CreatedOnToolsVersion = 11.3.1;
						TestTargetID = 0C41CE9F244EC2BE007F384A;
					};
				};
			};
			buildConfigurationList = 0C41CE9B244EC2BE007F384A /* Build configuration list for PBXProject "JMOrderCoreKitDemo" */;
			compatibilityVersion = "Xcode 9.3";
			developmentRegion = en;
			hasScannedForEncodings = 0;
			knownRegions = (
				en,
				Base,
			);
			mainGroup = 0C41CE97244EC2BE007F384A;
			productRefGroup = 0C41CEA1244EC2BE007F384A /* Products */;
			projectDirPath = "";
			projectRoot = "";
			targets = (
				0C41CE9F244EC2BE007F384A /* JMOrderCoreKitDemo */,
				0C41CEBA244EC2C2007F384A /* JMOrderCoreKitDemoTests */,
				0C41CEC5244EC2C2007F384A /* JMOrderCoreKitDemoUITests */,
			);
		};
/* End PBXProject section */

/* Begin PBXResourcesBuildPhase section */
		0C41CE9E244EC2BE007F384A /* Resources */ = {
			isa = PBXResourcesBuildPhase;
			buildActionMask = 2147483647;
			files = (
				0C41CEB3244EC2C1007F384A /* LaunchScreen.storyboard in Resources */,
				0C41CEE8244EC31B007F384A /* ZJHud_success@2x.png in Resources */,
				0C41CEE4244EC31B007F384A /* ZJHud_success.png in Resources */,
				0C41CEE6244EC31B007F384A /* ZJHud_error.png in Resources */,
				0C41CEE7244EC31B007F384A /* ZJHud_error@2x.png in Resources */,
				0C41CEB0244EC2C1007F384A /* Assets.xcassets in Resources */,
				0C41CEAE244EC2BE007F384A /* Main.storyboard in Resources */,
			);
			runOnlyForDeploymentPostprocessing = 0;
		};
		0C41CEB9244EC2C2007F384A /* Resources */ = {
			isa = PBXResourcesBuildPhase;
			buildActionMask = 2147483647;
			files = (
			);
			runOnlyForDeploymentPostprocessing = 0;
		};
		0C41CEC4244EC2C2007F384A /* Resources */ = {
			isa = PBXResourcesBuildPhase;
			buildActionMask = 2147483647;
			files = (
			);
			runOnlyForDeploymentPostprocessing = 0;
		};
/* End PBXResourcesBuildPhase section */

/* Begin PBXShellScriptBuildPhase section */
		39FA28537310F4265E5CE54F /* [CP] Check Pods Manifest.lock */ = {
			isa = PBXShellScriptBuildPhase;
			buildActionMask = 2147483647;
			files = (
			);
			inputFileListPaths = (
			);
			inputPaths = (
				"${PODS_PODFILE_DIR_PATH}/Podfile.lock",
				"${PODS_ROOT}/Manifest.lock",
			);
			name = "[CP] Check Pods Manifest.lock";
			outputFileListPaths = (
			);
			outputPaths = (
				"$(DERIVED_FILE_DIR)/Pods-JMOrderCoreKitDemo-checkManifestLockResult.txt",
			);
			runOnlyForDeploymentPostprocessing = 0;
			shellPath = /bin/sh;
			shellScript = "diff \"${PODS_PODFILE_DIR_PATH}/Podfile.lock\" \"${PODS_ROOT}/Manifest.lock\" > /dev/null\nif [ $? != 0 ] ; then\n    # print error to STDERR\n    echo \"error: The sandbox is not in sync with the Podfile.lock. Run 'pod install' or update your CocoaPods installation.\" >&2\n    exit 1\nfi\n# This output is used by Xcode 'outputs' to avoid re-running this script phase.\necho \"SUCCESS\" > \"${SCRIPT_OUTPUT_FILE_0}\"\n";
			showEnvVarsInLog = 0;
		};
/* End PBXShellScriptBuildPhase section */

/* Begin PBXSourcesBuildPhase section */
		0C41CE9C244EC2BE007F384A /* Sources */ = {
			isa = PBXSourcesBuildPhase;
			buildActionMask = 2147483647;
			files = (
				0CF21AD924555E9C00F07892 /* ZJRequestDataServer.m in Sources */,
				0CF21AD824555E9C00F07892 /* Reachability.m in Sources */,
				0CF21AD424555E9C00F07892 /* AFURLSessionManager.m in Sources */,
				0C41CEE5244EC31B007F384A /* ZJProgressHUD.m in Sources */,
				0C41CED9244EC307007F384A /* ViewController.mm in Sources */,
				0C41CEA5244EC2BE007F384A /* AppDelegate.m in Sources */,
				0CF21AD724555E9C00F07892 /* AFSecurityPolicy.m in Sources */,
				0C41CEE3244EC31B007F384A /* MBProgressHUD.m in Sources */,
				0C41CEB6244EC2C1007F384A /* main.m in Sources */,
				0CF21AD224555E9C00F07892 /* AFURLResponseSerialization.m in Sources */,
				0CF21AD524555E9C00F07892 /* AFURLRequestSerialization.m in Sources */,
				0C41CEA8244EC2BE007F384A /* SceneDelegate.m in Sources */,
				0CF21ADA24555E9C00F07892 /* CheckUpdateController.m in Sources */,
				0CF21AD624555E9C00F07892 /* AFNetworkReachabilityManager.m in Sources */,
				0CF21AD324555E9C00F07892 /* AFHTTPSessionManager.m in Sources */,
			);
			runOnlyForDeploymentPostprocessing = 0;
		};
		0C41CEB7244EC2C2007F384A /* Sources */ = {
			isa = PBXSourcesBuildPhase;
			buildActionMask = 2147483647;
			files = (
				0C41CEC0244EC2C2007F384A /* JMOrderCoreKitDemoTests.m in Sources */,
			);
			runOnlyForDeploymentPostprocessing = 0;
		};
		0C41CEC2244EC2C2007F384A /* Sources */ = {
			isa = PBXSourcesBuildPhase;
			buildActionMask = 2147483647;
			files = (
				0C41CECB244EC2C2007F384A /* JMOrderCoreKitDemoUITests.m in Sources */,
			);
			runOnlyForDeploymentPostprocessing = 0;
		};
/* End PBXSourcesBuildPhase section */

/* Begin PBXTargetDependency section */
		0C41CEBD244EC2C2007F384A /* PBXTargetDependency */ = {
			isa = PBXTargetDependency;
			target = 0C41CE9F244EC2BE007F384A /* JMOrderCoreKitDemo */;
			targetProxy = 0C41CEBC244EC2C2007F384A /* PBXContainerItemProxy */;
		};
		0C41CEC8244EC2C2007F384A /* PBXTargetDependency */ = {
			isa = PBXTargetDependency;
			target = 0C41CE9F244EC2BE007F384A /* JMOrderCoreKitDemo */;
			targetProxy = 0C41CEC7244EC2C2007F384A /* PBXContainerItemProxy */;
		};
/* End PBXTargetDependency section */

/* Begin PBXVariantGroup section */
		0C41CEAC244EC2BE007F384A /* Main.storyboard */ = {
			isa = PBXVariantGroup;
			children = (
				0C41CEAD244EC2BE007F384A /* Base */,
			);
			name = Main.storyboard;
			sourceTree = "<group>";
		};
		0C41CEB1244EC2C1007F384A /* LaunchScreen.storyboard */ = {
			isa = PBXVariantGroup;
			children = (
				0C41CEB2244EC2C1007F384A /* Base */,
			);
			name = LaunchScreen.storyboard;
			sourceTree = "<group>";
		};
/* End PBXVariantGroup section */

/* Begin XCBuildConfiguration section */
		0C41CECD244EC2C2007F384A /* Debug */ = {
			isa = XCBuildConfiguration;
			buildSettings = {
				ALWAYS_SEARCH_USER_PATHS = NO;
				CLANG_ANALYZER_NONNULL = YES;
				CLANG_ANALYZER_NUMBER_OBJECT_CONVERSION = YES_AGGRESSIVE;
				CLANG_CXX_LANGUAGE_STANDARD = "gnu++14";
				CLANG_CXX_LIBRARY = "libc++";
				CLANG_ENABLE_MODULES = YES;
				CLANG_ENABLE_OBJC_ARC = YES;
				CLANG_ENABLE_OBJC_WEAK = YES;
				CLANG_WARN_BLOCK_CAPTURE_AUTORELEASING = YES;
				CLANG_WARN_BOOL_CONVERSION = YES;
				CLANG_WARN_COMMA = YES;
				CLANG_WARN_CONSTANT_CONVERSION = YES;
				CLANG_WARN_DEPRECATED_OBJC_IMPLEMENTATIONS = YES;
				CLANG_WARN_DIRECT_OBJC_ISA_USAGE = YES_ERROR;
				CLANG_WARN_DOCUMENTATION_COMMENTS = YES;
				CLANG_WARN_EMPTY_BODY = YES;
				CLANG_WARN_ENUM_CONVERSION = YES;
				CLANG_WARN_INFINITE_RECURSION = YES;
				CLANG_WARN_INT_CONVERSION = YES;
				CLANG_WARN_NON_LITERAL_NULL_CONVERSION = YES;
				CLANG_WARN_OBJC_IMPLICIT_RETAIN_SELF = YES;
				CLANG_WARN_OBJC_LITERAL_CONVERSION = YES;
				CLANG_WARN_OBJC_ROOT_CLASS = YES_ERROR;
				CLANG_WARN_RANGE_LOOP_ANALYSIS = YES;
				CLANG_WARN_STRICT_PROTOTYPES = YES;
				CLANG_WARN_SUSPICIOUS_MOVE = YES;
				CLANG_WARN_UNGUARDED_AVAILABILITY = YES_AGGRESSIVE;
				CLANG_WARN_UNREACHABLE_CODE = YES;
				CLANG_WARN__DUPLICATE_METHOD_MATCH = YES;
				COPY_PHASE_STRIP = NO;
				DEBUG_INFORMATION_FORMAT = dwarf;
				ENABLE_STRICT_OBJC_MSGSEND = YES;
				ENABLE_TESTABILITY = YES;
				GCC_C_LANGUAGE_STANDARD = gnu11;
				GCC_DYNAMIC_NO_PIC = NO;
				GCC_NO_COMMON_BLOCKS = YES;
				GCC_OPTIMIZATION_LEVEL = 0;
				GCC_PREPROCESSOR_DEFINITIONS = (
					"DEBUG=1",
					"$(inherited)",
				);
				GCC_WARN_64_TO_32_BIT_CONVERSION = YES;
				GCC_WARN_ABOUT_RETURN_TYPE = YES_ERROR;
				GCC_WARN_UNDECLARED_SELECTOR = YES;
				GCC_WARN_UNINITIALIZED_AUTOS = YES_AGGRESSIVE;
				GCC_WARN_UNUSED_FUNCTION = YES;
				GCC_WARN_UNUSED_VARIABLE = YES;
				IPHONEOS_DEPLOYMENT_TARGET = 13.2;
				MTL_ENABLE_DEBUG_INFO = INCLUDE_SOURCE;
				MTL_FAST_MATH = YES;
				ONLY_ACTIVE_ARCH = YES;
				SDKROOT = iphoneos;
			};
			name = Debug;
		};
		0C41CECE244EC2C2007F384A /* Release */ = {
			isa = XCBuildConfiguration;
			buildSettings = {
				ALWAYS_SEARCH_USER_PATHS = NO;
				CLANG_ANALYZER_NONNULL = YES;
				CLANG_ANALYZER_NUMBER_OBJECT_CONVERSION = YES_AGGRESSIVE;
				CLANG_CXX_LANGUAGE_STANDARD = "gnu++14";
				CLANG_CXX_LIBRARY = "libc++";
				CLANG_ENABLE_MODULES = YES;
				CLANG_ENABLE_OBJC_ARC = YES;
				CLANG_ENABLE_OBJC_WEAK = YES;
				CLANG_WARN_BLOCK_CAPTURE_AUTORELEASING = YES;
				CLANG_WARN_BOOL_CONVERSION = YES;
				CLANG_WARN_COMMA = YES;
				CLANG_WARN_CONSTANT_CONVERSION = YES;
				CLANG_WARN_DEPRECATED_OBJC_IMPLEMENTATIONS = YES;
				CLANG_WARN_DIRECT_OBJC_ISA_USAGE = YES_ERROR;
				CLANG_WARN_DOCUMENTATION_COMMENTS = YES;
				CLANG_WARN_EMPTY_BODY = YES;
				CLANG_WARN_ENUM_CONVERSION = YES;
				CLANG_WARN_INFINITE_RECURSION = YES;
				CLANG_WARN_INT_CONVERSION = YES;
				CLANG_WARN_NON_LITERAL_NULL_CONVERSION = YES;
				CLANG_WARN_OBJC_IMPLICIT_RETAIN_SELF = YES;
				CLANG_WARN_OBJC_LITERAL_CONVERSION = YES;
				CLANG_WARN_OBJC_ROOT_CLASS = YES_ERROR;
				CLANG_WARN_RANGE_LOOP_ANALYSIS = YES;
				CLANG_WARN_STRICT_PROTOTYPES = YES;
				CLANG_WARN_SUSPICIOUS_MOVE = YES;
				CLANG_WARN_UNGUARDED_AVAILABILITY = YES_AGGRESSIVE;
				CLANG_WARN_UNREACHABLE_CODE = YES;
				CLANG_WARN__DUPLICATE_METHOD_MATCH = YES;
				COPY_PHASE_STRIP = NO;
				DEBUG_INFORMATION_FORMAT = "dwarf-with-dsym";
				ENABLE_NS_ASSERTIONS = NO;
				ENABLE_STRICT_OBJC_MSGSEND = YES;
				GCC_C_LANGUAGE_STANDARD = gnu11;
				GCC_NO_COMMON_BLOCKS = YES;
				GCC_WARN_64_TO_32_BIT_CONVERSION = YES;
				GCC_WARN_ABOUT_RETURN_TYPE = YES_ERROR;
				GCC_WARN_UNDECLARED_SELECTOR = YES;
				GCC_WARN_UNINITIALIZED_AUTOS = YES_AGGRESSIVE;
				GCC_WARN_UNUSED_FUNCTION = YES;
				GCC_WARN_UNUSED_VARIABLE = YES;
				IPHONEOS_DEPLOYMENT_TARGET = 13.2;
				MTL_ENABLE_DEBUG_INFO = NO;
				MTL_FAST_MATH = YES;
				SDKROOT = iphoneos;
				VALIDATE_PRODUCT = YES;
			};
			name = Release;
		};
		0C41CED0244EC2C2007F384A /* Debug */ = {
			isa = XCBuildConfiguration;
			baseConfigurationReference = D526F190D923F764F42D79E2 /* Pods-JMOrderCoreKitDemo.debug.xcconfig */;
			buildSettings = {
				ASSETCATALOG_COMPILER_APPICON_NAME = AppIcon;
				CODE_SIGN_IDENTITY = "iPhone Developer";
				CODE_SIGN_STYLE = Manual;
				CURRENT_PROJECT_VERSION = 1;
				DEVELOPMENT_TEAM = EB9K2L27BQ;
				FRAMEWORK_SEARCH_PATHS = (
					"$(inherited)",
					"\"${PODS_ROOT}/JMMonitorView\"",
					"\"${PODS_ROOT}/JMSmartUtils\"",
					"$(PROJECT_DIR)",
				);
				INFOPLIST_FILE = JMOrderCoreKitDemo/Info.plist;
				IPHONEOS_DEPLOYMENT_TARGET = 8.0;
				LD_RUNPATH_SEARCH_PATHS = (
					"$(inherited)",
					"@executable_path/Frameworks",
				);
				LIBRARY_SEARCH_PATHS = "$(inherited)";
				MARKETING_VERSION = 1.0.2;
				PRODUCT_BUNDLE_IDENTIFIER = com.jimi.JMOrderCoreKitDemo;
				PRODUCT_NAME = "$(TARGET_NAME)";
				PROVISIONING_PROFILE_SPECIFIER = "JM PublicDevelopment";
				TARGETED_DEVICE_FAMILY = "1,2";
				VALID_ARCHS = "armv7 armv7s arm64 arm64e";
			};
			name = Debug;
		};
		0C41CED1244EC2C2007F384A /* Release */ = {
			isa = XCBuildConfiguration;
			baseConfigurationReference = E740A4FA5728A8DFD52A9F57 /* Pods-JMOrderCoreKitDemo.release.xcconfig */;
			buildSettings = {
				ASSETCATALOG_COMPILER_APPICON_NAME = AppIcon;
				CODE_SIGN_IDENTITY = "iPhone Distribution";
				CODE_SIGN_STYLE = Manual;
				CURRENT_PROJECT_VERSION = 1;
				DEVELOPMENT_TEAM = EB9K2L27BQ;
				FRAMEWORK_SEARCH_PATHS = (
					"$(inherited)",
					"\"${PODS_ROOT}/JMMonitorView\"",
					"\"${PODS_ROOT}/JMSmartUtils\"",
					"$(PROJECT_DIR)",
				);
				INFOPLIST_FILE = JMOrderCoreKitDemo/Info.plist;
				IPHONEOS_DEPLOYMENT_TARGET = 8.0;
				LD_RUNPATH_SEARCH_PATHS = (
					"$(inherited)",
					"@executable_path/Frameworks",
				);
				LIBRARY_SEARCH_PATHS = "$(inherited)";
				MARKETING_VERSION = 1.0.2;
				PRODUCT_BUNDLE_IDENTIFIER = com.jimi.JMOrderCoreKitDemo;
				PRODUCT_NAME = "$(TARGET_NAME)";
				PROVISIONING_PROFILE_SPECIFIER = "ZJ PublicDistribution";
				TARGETED_DEVICE_FAMILY = "1,2";
				VALID_ARCHS = "armv7 armv7s arm64 arm64e";
			};
			name = Release;
		};
		0C41CED3244EC2C2007F384A /* Debug */ = {
			isa = XCBuildConfiguration;
			buildSettings = {
				BUNDLE_LOADER = "$(TEST_HOST)";
				CODE_SIGN_STYLE = Automatic;
				DEVELOPMENT_TEAM = EB9K2L27BQ;
				INFOPLIST_FILE = JMOrderCoreKitDemoTests/Info.plist;
				IPHONEOS_DEPLOYMENT_TARGET = 13.2;
				LD_RUNPATH_SEARCH_PATHS = (
					"$(inherited)",
					"@executable_path/Frameworks",
					"@loader_path/Frameworks",
				);
				PRODUCT_BUNDLE_IDENTIFIER = com.jimi.JMOrderCoreKitDemoTests;
				PRODUCT_NAME = "$(TARGET_NAME)";
				TARGETED_DEVICE_FAMILY = "1,2";
				TEST_HOST = "$(BUILT_PRODUCTS_DIR)/JMOrderCoreKitDemo.app/JMOrderCoreKitDemo";
			};
			name = Debug;
		};
		0C41CED4244EC2C2007F384A /* Release */ = {
			isa = XCBuildConfiguration;
			buildSettings = {
				BUNDLE_LOADER = "$(TEST_HOST)";
				CODE_SIGN_STYLE = Automatic;
				DEVELOPMENT_TEAM = EB9K2L27BQ;
				INFOPLIST_FILE = JMOrderCoreKitDemoTests/Info.plist;
				IPHONEOS_DEPLOYMENT_TARGET = 13.2;
				LD_RUNPATH_SEARCH_PATHS = (
					"$(inherited)",
					"@executable_path/Frameworks",
					"@loader_path/Frameworks",
				);
				PRODUCT_BUNDLE_IDENTIFIER = com.jimi.JMOrderCoreKitDemoTests;
				PRODUCT_NAME = "$(TARGET_NAME)";
				TARGETED_DEVICE_FAMILY = "1,2";
				TEST_HOST = "$(BUILT_PRODUCTS_DIR)/JMOrderCoreKitDemo.app/JMOrderCoreKitDemo";
			};
			name = Release;
		};
		0C41CED6244EC2C2007F384A /* Debug */ = {
			isa = XCBuildConfiguration;
			buildSettings = {
				CODE_SIGN_STYLE = Automatic;
				DEVELOPMENT_TEAM = EB9K2L27BQ;
				INFOPLIST_FILE = JMOrderCoreKitDemoUITests/Info.plist;
				LD_RUNPATH_SEARCH_PATHS = (
					"$(inherited)",
					"@executable_path/Frameworks",
					"@loader_path/Frameworks",
				);
				PRODUCT_BUNDLE_IDENTIFIER = com.jimi.JMOrderCoreKitDemoUITests;
				PRODUCT_NAME = "$(TARGET_NAME)";
				TARGETED_DEVICE_FAMILY = "1,2";
				TEST_TARGET_NAME = JMOrderCoreKitDemo;
			};
			name = Debug;
		};
		0C41CED7244EC2C2007F384A /* Release */ = {
			isa = XCBuildConfiguration;
			buildSettings = {
				CODE_SIGN_STYLE = Automatic;
				DEVELOPMENT_TEAM = EB9K2L27BQ;
				INFOPLIST_FILE = JMOrderCoreKitDemoUITests/Info.plist;
				LD_RUNPATH_SEARCH_PATHS = (
					"$(inherited)",
					"@executable_path/Frameworks",
					"@loader_path/Frameworks",
				);
				PRODUCT_BUNDLE_IDENTIFIER = com.jimi.JMOrderCoreKitDemoUITests;
				PRODUCT_NAME = "$(TARGET_NAME)";
				TARGETED_DEVICE_FAMILY = "1,2";
				TEST_TARGET_NAME = JMOrderCoreKitDemo;
			};
			name = Release;
		};
/* End XCBuildConfiguration section */

/* Begin XCConfigurationList section */
		0C41CE9B244EC2BE007F384A /* Build configuration list for PBXProject "JMOrderCoreKitDemo" */ = {
			isa = XCConfigurationList;
			buildConfigurations = (
				0C41CECD244EC2C2007F384A /* Debug */,
				0C41CECE244EC2C2007F384A /* Release */,
			);
			defaultConfigurationIsVisible = 0;
			defaultConfigurationName = Release;
		};
		0C41CECF244EC2C2007F384A /* Build configuration list for PBXNativeTarget "JMOrderCoreKitDemo" */ = {
			isa = XCConfigurationList;
			buildConfigurations = (
				0C41CED0244EC2C2007F384A /* Debug */,
				0C41CED1244EC2C2007F384A /* Release */,
			);
			defaultConfigurationIsVisible = 0;
			defaultConfigurationName = Release;
		};
		0C41CED2244EC2C2007F384A /* Build configuration list for PBXNativeTarget "JMOrderCoreKitDemoTests" */ = {
			isa = XCConfigurationList;
			buildConfigurations = (
				0C41CED3244EC2C2007F384A /* Debug */,
				0C41CED4244EC2C2007F384A /* Release */,
			);
			defaultConfigurationIsVisible = 0;
			defaultConfigurationName = Release;
		};
		0C41CED5244EC2C2007F384A /* Build configuration list for PBXNativeTarget "JMOrderCoreKitDemoUITests" */ = {
			isa = XCConfigurationList;
			buildConfigurations = (
				0C41CED6244EC2C2007F384A /* Debug */,
				0C41CED7244EC2C2007F384A /* Release */,
			);
			defaultConfigurationIsVisible = 0;
			defaultConfigurationName = Release;
		};
/* End XCConfigurationList section */
	};
	rootObject = 0C41CE98244EC2BE007F384A /* Project object */;
}
